
Microsoft Visual Studio Solution File, Format Version 12.00
# Visual Studio Version 17
VisualStudioVersion = 17.8.34330.188
MinimumVisualStudioVersion = 10.0.40219.1
Project("{9A19103F-16F7-4668-BE54-9A1E7A4F7556}") = "broilinghell", "broilinghell.csproj", "{970333EB-CC31-4B38-A3DB-8BCF7906189A}"
EndProject
Global
	GlobalSection(SolutionConfigurationPlatforms) = preSolution
		Debug|Any CPU = Debug|Any CPU
		Release|Any CPU = Release|Any CPU
	EndGlobalSection
	GlobalSection(ProjectConfigurationPlatforms) = postSolution
		{970333EB-CC31-4B38-A3DB-8BCF7906189A}.Debug|Any CPU.ActiveCfg = Debug|Any CPU
		{970333EB-CC31-4B38-A3DB-8BCF7906189A}.Debug|Any CPU.Build.0 = Debug|Any CPU
		{970333EB-CC31-4B38-A3DB-8BCF7906189A}.Release|Any CPU.ActiveCfg = Release|Any CPU
		{970333EB-CC31-4B38-A3DB-8BCF7906189A}.Release|Any CPU.Build.0 = Release|Any CPU
	EndGlobalSection
	GlobalSection(SolutionProperties) = preSolution
		HideSolutionNode = FALSE
	EndGlobalSection
	GlobalSection(ExtensibilityGlobals) = postSolution
		SolutionGuid = {435F06DC-6F13-47FC-A408-E407B443A602}
	EndGlobalSection
EndGlobal
